
Microsoft Visual Studio Solution File, Format Version 12.00
# Visual Studio Version 16
VisualStudioVersion = 16.0.32228.343
MinimumVisualStudioVersion = 10.0.40219.1
Project("{FAE04EC0-301F-11D3-BF4B-00C04F79EFBC}") = "Assigment_PS_Quick", "Assigment_PS_Quick\Assigment_PS_Quick.csproj", "{72D5275E-05A0-4A42-A162-ECABDFD6DBE4}"
EndProject
Global
	GlobalSection(SolutionConfigurationPlatforms) = preSolution
		Debug|Any CPU = Debug|Any CPU
		Release|Any CPU = Release|Any CPU
	EndGlobalSection
	GlobalSection(ProjectConfigurationPlatforms) = postSolution
		{72D5275E-05A0-4A42-A162-ECABDFD6DBE4}.Debug|Any CPU.ActiveCfg = Debug|Any CPU
		{72D5275E-05A0-4A42-A162-ECABDFD6DBE4}.Debug|Any CPU.Build.0 = Debug|Any CPU
		{72D5275E-05A0-4A42-A162-ECABDFD6DBE4}.Release|Any CPU.ActiveCfg = Release|Any CPU
		{72D5275E-05A0-4A42-A162-ECABDFD6DBE4}.Release|Any CPU.Build.0 = Release|Any CPU
	EndGlobalSection
	GlobalSection(SolutionProperties) = preSolution
		HideSolutionNode = FALSE
	EndGlobalSection
	GlobalSection(ExtensibilityGlobals) = postSolution
		SolutionGuid = {0376333F-BEB8-41D8-9299-045C27B8B250}
	EndGlobalSection
EndGlobal
